{
  "version": 4,
  "terraform_version": "1.14.4",
  "serial": 13,
  "lineage": "204a74e0-50c5-d6af-4d4d-f18a979fa553",
  "outputs": {},
  "resources": [
    {
      "module": "module.igw",
      "mode": "managed",
      "type": "aws_internet_gateway",
      "name": "igw",
      "provider": "provider[\"registry.terraform.io/hashicorp/aws\"]",
      "instances": [
        {
          "schema_version": 0,
          "attributes": {
            "arn": "arn:aws:ec2:us-west-2:644366177495:internet-gateway/igw-05d423ff07d417a5d",
            "id": "igw-05d423ff07d417a5d",
            "owner_id": "644366177495",
            "region": "us-west-2",
            "tags": {
              "Name": "leelasai-igw"
            },
            "tags_all": {
              "Name": "leelasai-igw"
            },
            "timeouts": null,
            "vpc_id": "vpc-0457adecf563b8336"
          },
          "sensitive_attributes": [],
          "identity_schema_version": 0,
          "private": "eyJlMmJmYjczMC1lY2FhLTExZTYtOGY4OC0zNDM2M2JjN2M0YzAiOnsiY3JlYXRlIjoxMjAwMDAwMDAwMDAwLCJkZWxldGUiOjEyMDAwMDAwMDAwMDAsInVwZGF0ZSI6MTIwMDAwMDAwMDAwMH19",
          "dependencies": [
            "module.vpc.aws_vpc.vpc"
          ]
        }
      ]
    },
    {
      "module": "module.key_pair",
      "mode": "managed",
      "type": "aws_key_pair",
      "name": "key_pair",
      "provider": "provider[\"registry.terraform.io/hashicorp/aws\"]",
      "instances": [
        {
          "schema_version": 1,
          "attributes": {
            "arn": "arn:aws:ec2:us-west-2:644366177495:key-pair/leelasai-keypair",
            "fingerprint": "5f:b6:42:3a:93:e4:4e:c9:76:b9:90:a8:44:3a:af:b9",
            "id": "leelasai-keypair",
            "key_name": "leelasai-keypair",
            "key_name_prefix": "",
            "key_pair_id": "key-0da264a8b9d34e143",
            "key_type": "rsa",
            "public_key": "ssh-rsa AAAAB3NzaC1yc2EAAAADAQABAAACAQCvPE+QU0sgeCGtkM+MGEBq4GbQIKE1mm/Y+zty5Xq3VasgfyGLKmPpCZ9mmu0Cs/38ah0Q9qRbz3qecyJkZglhmsrCuLCAnR3eKd6zQ93FrBYSI/OjkwIre8FraCm1/wnQVCDSzgmsvktIE1lp4Wfd3LfkFB/RVWGlVtJ2c8K6BAuTiH4Q+X07b+tmSB2WiiSMnZ+aXbjInF1hEWvJjhvL81wZ6T8GOCAVyS/kJOU469Qw2pywyxQT/+UYDb3Jsq8FgWQ54BErWWO75a3z7/f6cIxWRsuVK0Y5EeXZaRMZuINpwGJhyP9NkJQ+0XPYuASgMa2fIq6Sf430VK3GBhEkdTgNDYEiOnFaYKbPrnUKfQu3GWLNBtSxNsQfFuHplRpxssCmrE7rnEGCS88g8Lps3ovfH0JMjzOe1+ZpSdWYbbg//5Ul2dpXhzpkjEJUVT/mQsgfoKAZRwIDEYgAHAAvdBy+rnJjgWWxUjRSAb3qUNmHZc0fONA0dTUkSq3ZJurMwkxpp5MDLQlHsM2OlDzobnVexHtvOJsMwQwwRaJCfZjbjgws99uhtJxSo/CFtVuZ4RE2CkrhCe0XnFFh29mh9TEzkDV21liVJwwalWApGhcxu6ZyH/dmVQ7NNsGsHNXU4ZznUYBt8LQGjiQMumIVJIuIDyUWvUA4eqlZrHnWRw== leelasaimacharla@MACHARLAs-MacBook-Air.local",
            "region": "us-west-2",
            "tags": {},
            "tags_all": {}
          },
          "sensitive_attributes": [],
          "identity_schema_version": 0,
          "private": "eyJzY2hlbWFfdmVyc2lvbiI6IjEifQ=="
        }
      ]
    },
    {
      "module": "module.route_table",
      "mode": "managed",
      "type": "aws_route_table",
      "name": "route_table",
      "provider": "provider[\"registry.terraform.io/hashicorp/aws\"]",
      "instances": [
        {
          "schema_version": 0,
          "attributes": {
            "arn": "arn:aws:ec2:us-west-2:644366177495:route-table/rtb-01de490a2742b94ee",
            "id": "rtb-01de490a2742b94ee",
            "owner_id": "644366177495",
            "propagating_vgws": [],
            "region": "us-west-2",
            "route": [
              {
                "carrier_gateway_id": "",
                "cidr_block": "0.0.0.0/0",
                "core_network_arn": "",
                "destination_prefix_list_id": "",
                "egress_only_gateway_id": "",
                "gateway_id": "igw-05d423ff07d417a5d",
                "ipv6_cidr_block": "",
                "local_gateway_id": "",
                "nat_gateway_id": "",
                "network_interface_id": "",
                "transit_gateway_id": "",
                "vpc_endpoint_id": "",
                "vpc_peering_connection_id": ""
              }
            ],
            "tags": {
              "Name": "leelasai-route-table"
            },
            "tags_all": {
              "Name": "leelasai-route-table"
            },
            "timeouts": null,
            "vpc_id": "vpc-0457adecf563b8336"
          },
          "sensitive_attributes": [],
          "identity_schema_version": 0,
          "identity": {
            "account_id": "644366177495",
            "id": "rtb-01de490a2742b94ee",
            "region": "us-west-2"
          },
          "private": "eyJlMmJmYjczMC1lY2FhLTExZTYtOGY4OC0zNDM2M2JjN2M0YzAiOnsiY3JlYXRlIjozMDAwMDAwMDAwMDAsImRlbGV0ZSI6MzAwMDAwMDAwMDAwLCJ1cGRhdGUiOjEyMDAwMDAwMDAwMH19",
          "dependencies": [
            "module.igw.aws_internet_gateway.igw",
            "module.vpc.aws_vpc.vpc"
          ]
        }
      ]
    },
    {
      "module": "module.route_table_association",
      "mode": "managed",
      "type": "aws_route_table_association",
      "name": "route_table_association",
      "provider": "provider[\"registry.terraform.io/hashicorp/aws\"]",
      "instances": [
        {
          "schema_version": 0,
          "attributes": {
            "gateway_id": "",
            "id": "rtbassoc-086fb6e029ee536f8",
            "region": "us-west-2",
            "route_table_id": "rtb-01de490a2742b94ee",
            "subnet_id": "subnet-06ce8ee1d45155fb9",
            "timeouts": null
          },
          "sensitive_attributes": [],
          "identity_schema_version": 0,
          "private": "eyJlMmJmYjczMC1lY2FhLTExZTYtOGY4OC0zNDM2M2JjN2M0YzAiOnsiY3JlYXRlIjozMDAwMDAwMDAwMDAsImRlbGV0ZSI6MzAwMDAwMDAwMDAwLCJ1cGRhdGUiOjEyMDAwMDAwMDAwMH19",
          "dependencies": [
            "module.igw.aws_internet_gateway.igw",
            "module.route_table.aws_route_table.route_table",
            "module.subnet.aws_subnet.subnet",
            "module.vpc.aws_vpc.vpc"
          ]
        }
      ]
    },
    {
      "module": "module.security_group",
      "mode": "managed",
      "type": "aws_security_group",
      "name": "security-grp",
      "provider": "provider[\"registry.terraform.io/hashicorp/aws\"]",
      "instances": [
        {
          "schema_version": 1,
          "attributes": {
            "arn": "arn:aws:ec2:us-west-2:644366177495:security-group/sg-0b85c92ef43459de7",
            "description": "Security group for EC2 instance",
            "egress": [
              {
                "cidr_blocks": [
                  "0.0.0.0/0"
                ],
                "description": "",
                "from_port": 0,
                "ipv6_cidr_blocks": [],
                "prefix_list_ids": [],
                "protocol": "-1",
                "security_groups": [],
                "self": false,
                "to_port": 0
              }
            ],
            "id": "sg-0b85c92ef43459de7",
            "ingress": [
              {
                "cidr_blocks": [
                  "0.0.0.0/0"
                ],
                "description": "",
                "from_port": 22,
                "ipv6_cidr_blocks": [],
                "prefix_list_ids": [],
                "protocol": "tcp",
                "security_groups": [],
                "self": false,
                "to_port": 22
              },
              {
                "cidr_blocks": [
                  "0.0.0.0/0"
                ],
                "description": "",
                "from_port": 3306,
                "ipv6_cidr_blocks": [],
                "prefix_list_ids": [],
                "protocol": "tcp",
                "security_groups": [],
                "self": false,
                "to_port": 3306
              },
              {
                "cidr_blocks": [
                  "0.0.0.0/0"
                ],
                "description": "",
                "from_port": 443,
                "ipv6_cidr_blocks": [],
                "prefix_list_ids": [],
                "protocol": "tcp",
                "security_groups": [],
                "self": false,
                "to_port": 443
              },
              {
                "cidr_blocks": [
                  "0.0.0.0/0"
                ],
                "description": "",
                "from_port": 80,
                "ipv6_cidr_blocks": [],
                "prefix_list_ids": [],
                "protocol": "tcp",
                "security_groups": [],
                "self": false,
                "to_port": 80
              }
            ],
            "name": "leelasai-stage-security-group",
            "name_prefix": "",
            "owner_id": "644366177495",
            "region": "us-west-2",
            "revoke_rules_on_delete": false,
            "tags": {
              "Name": "leelasai-stage-security-group"
            },
            "tags_all": {
              "Name": "leelasai-stage-security-group"
            },
            "timeouts": null,
            "vpc_id": "vpc-0457adecf563b8336"
          },
          "sensitive_attributes": [],
          "identity_schema_version": 0,
          "identity": {
            "account_id": "644366177495",
            "id": "sg-0b85c92ef43459de7",
            "region": "us-west-2"
          },
          "private": "eyJlMmJmYjczMC1lY2FhLTExZTYtOGY4OC0zNDM2M2JjN2M0YzAiOnsiY3JlYXRlIjo2MDAwMDAwMDAwMDAsImRlbGV0ZSI6OTAwMDAwMDAwMDAwfSwic2NoZW1hX3ZlcnNpb24iOiIxIn0=",
          "dependencies": [
            "module.vpc.aws_vpc.vpc"
          ]
        }
      ]
    },
    {
      "module": "module.subnet",
      "mode": "managed",
      "type": "aws_subnet",
      "name": "subnet",
      "provider": "provider[\"registry.terraform.io/hashicorp/aws\"]",
      "instances": [
        {
          "schema_version": 1,
          "attributes": {
            "arn": "arn:aws:ec2:us-west-2:644366177495:subnet/subnet-06ce8ee1d45155fb9",
            "assign_ipv6_address_on_creation": false,
            "availability_zone": "us-west-2a",
            "availability_zone_id": "usw2-az2",
            "cidr_block": "10.0.1.0/24",
            "customer_owned_ipv4_pool": "",
            "enable_dns64": false,
            "enable_lni_at_device_index": 0,
            "enable_resource_name_dns_a_record_on_launch": false,
            "enable_resource_name_dns_aaaa_record_on_launch": false,
            "id": "subnet-06ce8ee1d45155fb9",
            "ipv4_ipam_pool_id": null,
            "ipv4_netmask_length": null,
            "ipv6_cidr_block": "",
            "ipv6_cidr_block_association_id": "",
            "ipv6_ipam_pool_id": null,
            "ipv6_native": false,
            "ipv6_netmask_length": null,
            "map_customer_owned_ip_on_launch": false,
            "map_public_ip_on_launch": false,
            "outpost_arn": "",
            "owner_id": "644366177495",
            "private_dns_hostname_type_on_launch": "ip-name",
            "region": "us-west-2",
            "tags": {
              "Name": "leelasai-subnet"
            },
            "tags_all": {
              "Name": "leelasai-subnet"
            },
            "timeouts": null,
            "vpc_id": "vpc-0457adecf563b8336"
          },
          "sensitive_attributes": [],
          "identity_schema_version": 0,
          "identity": {
            "account_id": "644366177495",
            "id": "subnet-06ce8ee1d45155fb9",
            "region": "us-west-2"
          },
          "private": "eyJlMmJmYjczMC1lY2FhLTExZTYtOGY4OC0zNDM2M2JjN2M0YzAiOnsiY3JlYXRlIjo2MDAwMDAwMDAwMDAsImRlbGV0ZSI6MTIwMDAwMDAwMDAwMH0sInNjaGVtYV92ZXJzaW9uIjoiMSJ9",
          "dependencies": [
            "module.vpc.aws_vpc.vpc"
          ]
        }
      ]
    },
    {
      "module": "module.vpc",
      "mode": "managed",
      "type": "aws_vpc",
      "name": "vpc",
      "provider": "provider[\"registry.terraform.io/hashicorp/aws\"]",
      "instances": [
        {
          "schema_version": 1,
          "attributes": {
            "arn": "arn:aws:ec2:us-west-2:644366177495:vpc/vpc-0457adecf563b8336",
            "assign_generated_ipv6_cidr_block": false,
            "cidr_block": "10.0.0.0/16",
            "default_network_acl_id": "acl-0cb61e6a6a32e3b11",
            "default_route_table_id": "rtb-086a1b91b0cf361d2",
            "default_security_group_id": "sg-01586ede00068f1b9",
            "dhcp_options_id": "dopt-06d4ff93c5c3bb721",
            "enable_dns_hostnames": false,
            "enable_dns_support": true,
            "enable_network_address_usage_metrics": false,
            "id": "vpc-0457adecf563b8336",
            "instance_tenancy": "default",
            "ipv4_ipam_pool_id": null,
            "ipv4_netmask_length": null,
            "ipv6_association_id": "",
            "ipv6_cidr_block": "",
            "ipv6_cidr_block_network_border_group": "",
            "ipv6_ipam_pool_id": "",
            "ipv6_netmask_length": 0,
            "main_route_table_id": "rtb-086a1b91b0cf361d2",
            "owner_id": "644366177495",
            "region": "us-west-2",
            "tags": {
              "Name": "leelasai-vpc"
            },
            "tags_all": {
              "Name": "leelasai-vpc"
            }
          },
          "sensitive_attributes": [],
          "identity_schema_version": 0,
          "identity": {
            "account_id": "644366177495",
            "id": "vpc-0457adecf563b8336",
            "region": "us-west-2"
          },
          "private": "eyJzY2hlbWFfdmVyc2lvbiI6IjEifQ=="
        }
      ]
    }
  ],
  "check_results": null
}
